
Microsoft Visual Studio Solution File, Format Version 12.00
# Visual Studio Version 17
VisualStudioVersion = 17.4.33213.308
MinimumVisualStudioVersion = 10.0.40219.1
Project("{FAE04EC0-301F-11D3-BF4B-00C04F79EFBC}") = "SistemaWebEmpleado", "SistemaWebEmpleado\SistemaWebEmpleado.csproj", "{1F43C4A5-F059-4281-956A-D2B1A4DA50F0}"
EndProject
Global
	GlobalSection(SolutionConfigurationPlatforms) = preSolution
		Debug|Any CPU = Debug|Any CPU
		Release|Any CPU = Release|Any CPU
	EndGlobalSection
	GlobalSection(ProjectConfigurationPlatforms) = postSolution
		{1F43C4A5-F059-4281-956A-D2B1A4DA50F0}.Debug|Any CPU.ActiveCfg = Debug|Any CPU
		{1F43C4A5-F059-4281-956A-D2B1A4DA50F0}.Debug|Any CPU.Build.0 = Debug|Any CPU
		{1F43C4A5-F059-4281-956A-D2B1A4DA50F0}.Release|Any CPU.ActiveCfg = Release|Any CPU
		{1F43C4A5-F059-4281-956A-D2B1A4DA50F0}.Release|Any CPU.Build.0 = Release|Any CPU
	EndGlobalSection
	GlobalSection(SolutionProperties) = preSolution
		HideSolutionNode = FALSE
	EndGlobalSection
	GlobalSection(ExtensibilityGlobals) = postSolution
		SolutionGuid = {38B9D0B9-D5C0-4A10-B5FF-502569E164F9}
	EndGlobalSection
EndGlobal
